// !$*UTF8*$!
{
	archiveVersion = 1;
	classes = {
	};
	objectVersion = 77;
	objects = {

/* Begin PBXBuildFile section */
		0965924EC5CC9CC3A5B32132 /* ContentView.swift in Sources */ = {isa = PBXBuildFile; fileRef = C06C3A075027D495DA5B40D4 /* ContentView.swift */; };
		1309C538F74F499A5C1C6F9D /* VibreeApp.swift in Sources */ = {isa = PBXBuildFile; fileRef = 39D4F5671EC9E0AB6C7D23C2 /* VibreeApp.swift */; };
		5506F25825FA9AC7D7BE9E5E /* StressAnalysisAgent.swift in Sources */ = {isa = PBXBuildFile; fileRef = 0F7198435BBCB7328EE5C252 /* StressAnalysisAgent.swift */; };
		704D2A9684340E0D28C2EC2A /* PersistenceController.swift in Sources */ = {isa = PBXBuildFile; fileRef = ADEA3A071174E2A37D18C706 /* PersistenceController.swift */; };
		820579F6D258ADD2B034D6B0 /* Vibree.xcdatamodeld in Sources */ = {isa = PBXBuildFile; fileRef = EF1486A5875A8627F02BA07E /* Vibree.xcdatamodeld */; };
		884758BB70A0D78E1D83D6E7 /* DashboardView.swift in Sources */ = {isa = PBXBuildFile; fileRef = B953E814A60FFE9AFDD93EDE /* DashboardView.swift */; };
		88CB7A5D31B3759E23BE4D55 /* CreatePostView.swift in Sources */ = {isa = PBXBuildFile; fileRef = 50BB1F5100CDB88053ACA2FA /* CreatePostView.swift */; };
		8B596BFC14B23A32C76DA944 /* StressCalculator.swift in Sources */ = {isa = PBXBuildFile; fileRef = 7B476B6CFAF34D1968C4E7E6 /* StressCalculator.swift */; };
		9CAA3608088BA002636F8A9E /* StressAnalyzer.swift in Sources */ = {isa = PBXBuildFile; fileRef = 279EDE9B6DFFC5C0ADC8EBA8 /* StressAnalyzer.swift */; };
		A6ED804878C2EAA0A6BDCCA7 /* LoadingLoginViews.swift in Sources */ = {isa = PBXBuildFile; fileRef = F19DE7A4DBA0D3E821B0A9E8 /* LoadingLoginViews.swift */; };
		B435FDEE186C64A0753AFE98 /* ProfileView.swift in Sources */ = {isa = PBXBuildFile; fileRef = A7EB5F95AEECE6E2B4A0923E /* ProfileView.swift */; };
		D842F25BD29A8688EA262B8F /* SocialFeedView.swift in Sources */ = {isa = PBXBuildFile; fileRef = AEFE40E5E82EFBA3159AD088 /* SocialFeedView.swift */; };
		DEBCA18EFBFD847410395449 /* SensorDataRepository.swift in Sources */ = {isa = PBXBuildFile; fileRef = 4685906C84D845B71AB66C87 /* SensorDataRepository.swift */; };
		E6DF678F3E8C1CBD909EDD1E /* VitalsView.swift in Sources */ = {isa = PBXBuildFile; fileRef = CCFD5EEE7C1F8C2482E7892B /* VitalsView.swift */; };
/* End PBXBuildFile section */

/* Begin PBXFileReference section */
		0F7198435BBCB7328EE5C252 /* StressAnalysisAgent.swift */ = {isa = PBXFileReference; lastKnownFileType = sourcecode.swift; path = StressAnalysisAgent.swift; sourceTree = "<group>"; };
		279EDE9B6DFFC5C0ADC8EBA8 /* StressAnalyzer.swift */ = {isa = PBXFileReference; lastKnownFileType = sourcecode.swift; path = StressAnalyzer.swift; sourceTree = "<group>"; };
		33427EE91FB637CEED57D8ED /* Vibree.app */ = {isa = PBXFileReference; includeInIndex = 0; lastKnownFileType = wrapper.application; path = Vibree.app; sourceTree = BUILT_PRODUCTS_DIR; };
		39D4F5671EC9E0AB6C7D23C2 /* VibreeApp.swift */ = {isa = PBXFileReference; lastKnownFileType = sourcecode.swift; path = VibreeApp.swift; sourceTree = "<group>"; };
		4685906C84D845B71AB66C87 /* SensorDataRepository.swift */ = {isa = PBXFileReference; lastKnownFileType = sourcecode.swift; path = SensorDataRepository.swift; sourceTree = "<group>"; };
		50BB1F5100CDB88053ACA2FA /* CreatePostView.swift */ = {isa = PBXFileReference; lastKnownFileType = sourcecode.swift; path = CreatePostView.swift; sourceTree = "<group>"; };
		7B476B6CFAF34D1968C4E7E6 /* StressCalculator.swift */ = {isa = PBXFileReference; lastKnownFileType = sourcecode.swift; path = StressCalculator.swift; sourceTree = "<group>"; };
		A7EB5F95AEECE6E2B4A0923E /* ProfileView.swift */ = {isa = PBXFileReference; lastKnownFileType = sourcecode.swift; path = ProfileView.swift; sourceTree = "<group>"; };
		ADEA3A071174E2A37D18C706 /* PersistenceController.swift */ = {isa = PBXFileReference; lastKnownFileType = sourcecode.swift; path = PersistenceController.swift; sourceTree = "<group>"; };
		AEFE40E5E82EFBA3159AD088 /* SocialFeedView.swift */ = {isa = PBXFileReference; lastKnownFileType = sourcecode.swift; path = SocialFeedView.swift; sourceTree = "<group>"; };
		B953E814A60FFE9AFDD93EDE /* DashboardView.swift */ = {isa = PBXFileReference; lastKnownFileType = sourcecode.swift; path = DashboardView.swift; sourceTree = "<group>"; };
		C06C3A075027D495DA5B40D4 /* ContentView.swift */ = {isa = PBXFileReference; lastKnownFileType = sourcecode.swift; path = ContentView.swift; sourceTree = "<group>"; };
		CCFD5EEE7C1F8C2482E7892B /* VitalsView.swift */ = {isa = PBXFileReference; lastKnownFileType = sourcecode.swift; path = VitalsView.swift; sourceTree = "<group>"; };
		E422F3975862B838F7368965 /* Vibree.xcdatamodel */ = {isa = PBXFileReference; lastKnownFileType = wrapper.xcdatamodel; path = Vibree.xcdatamodel; sourceTree = "<group>"; };
		F19DE7A4DBA0D3E821B0A9E8 /* LoadingLoginViews.swift */ = {isa = PBXFileReference; lastKnownFileType = sourcecode.swift; path = LoadingLoginViews.swift; sourceTree = "<group>"; };
/* End PBXFileReference section */

/* Begin PBXGroup section */
		30E25C9A7E18E13C8E2633D5 /* Models */ = {
			isa = PBXGroup;
			children = (
				ADEA3A071174E2A37D18C706 /* PersistenceController.swift */,
				EF1486A5875A8627F02BA07E /* Vibree.xcdatamodeld */,
			);
			path = Models;
			sourceTree = "<group>";
		};
		4543B7480439E1E98BD191CA = {
			isa = PBXGroup;
			children = (
				5B9492F3E895CDD2FC93EF8E /* Vibree */,
				D3031C40E0FB92D5E96609D0 /* Products */,
			);
			sourceTree = "<group>";
		};
		5B9492F3E895CDD2FC93EF8E /* Vibree */ = {
			isa = PBXGroup;
			children = (
				39D4F5671EC9E0AB6C7D23C2 /* VibreeApp.swift */,
				30E25C9A7E18E13C8E2633D5 /* Models */,
				B61E6A2E7B8520001B4A9B53 /* Utils */,
				64B1A399EED1624E2FA547EF /* ViewModels */,
				C49596168422ACEABDDF83F2 /* Views */,
			);
			path = Vibree;
			sourceTree = "<group>";
		};
		64B1A399EED1624E2FA547EF /* ViewModels */ = {
			isa = PBXGroup;
			children = (
				4685906C84D845B71AB66C87 /* SensorDataRepository.swift */,
			);
			path = ViewModels;
			sourceTree = "<group>";
		};
		B61E6A2E7B8520001B4A9B53 /* Utils */ = {
			isa = PBXGroup;
			children = (
				0F7198435BBCB7328EE5C252 /* StressAnalysisAgent.swift */,
				279EDE9B6DFFC5C0ADC8EBA8 /* StressAnalyzer.swift */,
				7B476B6CFAF34D1968C4E7E6 /* StressCalculator.swift */,
			);
			path = Utils;
			sourceTree = "<group>";
		};
		C49596168422ACEABDDF83F2 /* Views */ = {
			isa = PBXGroup;
			children = (
				C06C3A075027D495DA5B40D4 /* ContentView.swift */,
				50BB1F5100CDB88053ACA2FA /* CreatePostView.swift */,
				B953E814A60FFE9AFDD93EDE /* DashboardView.swift */,
				F19DE7A4DBA0D3E821B0A9E8 /* LoadingLoginViews.swift */,
				A7EB5F95AEECE6E2B4A0923E /* ProfileView.swift */,
				AEFE40E5E82EFBA3159AD088 /* SocialFeedView.swift */,
				CCFD5EEE7C1F8C2482E7892B /* VitalsView.swift */,
			);
			path = Views;
			sourceTree = "<group>";
		};
		D3031C40E0FB92D5E96609D0 /* Products */ = {
			isa = PBXGroup;
			children = (
				33427EE91FB637CEED57D8ED /* Vibree.app */,
			);
			name = Products;
			sourceTree = "<group>";
		};
/* End PBXGroup section */

/* Begin PBXNativeTarget section */
		343802EDF9539F11285A3ED4 /* Vibree */ = {
			isa = PBXNativeTarget;
			buildConfigurationList = 2F5A26DE08D3305CC1FC5941 /* Build configuration list for PBXNativeTarget "Vibree" */;
			buildPhases = (
				DB7E558ABEAE2AF490D61EBE /* Sources */,
			);
			buildRules = (
			);
			dependencies = (
			);
			name = Vibree;
			packageProductDependencies = (
			);
			productName = Vibree;
			productReference = 33427EE91FB637CEED57D8ED /* Vibree.app */;
			productType = "com.apple.product-type.application";
		};
/* End PBXNativeTarget section */

/* Begin PBXProject section */
		D596C265FB5744496A1A0C82 /* Project object */ = {
			isa = PBXProject;
			attributes = {
				BuildIndependentTargetsInParallel = YES;
				LastUpgradeCheck = 1430;
			};
			buildConfigurationList = E313B0A5FF10D6FB21E7CD11 /* Build configuration list for PBXProject "Vibree" */;
			compatibilityVersion = "Xcode 14.0";
			developmentRegion = en;
			hasScannedForEncodings = 0;
			knownRegions = (
				Base,
				en,
			);
			mainGroup = 4543B7480439E1E98BD191CA;
			minimizedProjectReferenceProxies = 1;
			preferredProjectObjectVersion = 77;
			projectDirPath = "";
			projectRoot = "";
			targets = (
				343802EDF9539F11285A3ED4 /* Vibree */,
			);
		};
/* End PBXProject section */

/* Begin PBXSourcesBuildPhase section */
		DB7E558ABEAE2AF490D61EBE /* Sources */ = {
			isa = PBXSourcesBuildPhase;
			buildActionMask = 2147483647;
			files = (
				0965924EC5CC9CC3A5B32132 /* ContentView.swift in Sources */,
				88CB7A5D31B3759E23BE4D55 /* CreatePostView.swift in Sources */,
				884758BB70A0D78E1D83D6E7 /* DashboardView.swift in Sources */,
				A6ED804878C2EAA0A6BDCCA7 /* LoadingLoginViews.swift in Sources */,
				704D2A9684340E0D28C2EC2A /* PersistenceController.swift in Sources */,
				B435FDEE186C64A0753AFE98 /* ProfileView.swift in Sources */,
				DEBCA18EFBFD847410395449 /* SensorDataRepository.swift in Sources */,
				D842F25BD29A8688EA262B8F /* SocialFeedView.swift in Sources */,
				5506F25825FA9AC7D7BE9E5E /* StressAnalysisAgent.swift in Sources */,
				9CAA3608088BA002636F8A9E /* StressAnalyzer.swift in Sources */,
				8B596BFC14B23A32C76DA944 /* StressCalculator.swift in Sources */,
				820579F6D258ADD2B034D6B0 /* Vibree.xcdatamodeld in Sources */,
				1309C538F74F499A5C1C6F9D /* VibreeApp.swift in Sources */,
				E6DF678F3E8C1CBD909EDD1E /* VitalsView.swift in Sources */,
			);
			runOnlyForDeploymentPostprocessing = 0;
		};
/* End PBXSourcesBuildPhase section */

/* Begin XCBuildConfiguration section */
		3E31AE34563752ABC64B185D /* Debug */ = {
			isa = XCBuildConfiguration;
			buildSettings = {
				ALWAYS_SEARCH_USER_PATHS = NO;
				CLANG_ANALYZER_NONNULL = YES;
				CLANG_ANALYZER_NUMBER_OBJECT_CONVERSION = YES_AGGRESSIVE;
				CLANG_CXX_LANGUAGE_STANDARD = "gnu++14";
				CLANG_CXX_LIBRARY = "libc++";
				CLANG_ENABLE_MODULES = YES;
				CLANG_ENABLE_OBJC_ARC = YES;
				CLANG_ENABLE_OBJC_WEAK = YES;
				CLANG_WARN_BLOCK_CAPTURE_AUTORELEASING = YES;
				CLANG_WARN_BOOL_CONVERSION = YES;
				CLANG_WARN_COMMA = YES;
				CLANG_WARN_CONSTANT_CONVERSION = YES;
				CLANG_WARN_DEPRECATED_OBJC_IMPLEMENTATIONS = YES;
				CLANG_WARN_DIRECT_OBJC_ISA_USAGE = YES_ERROR;
				CLANG_WARN_DOCUMENTATION_COMMENTS = YES;
				CLANG_WARN_EMPTY_BODY = YES;
				CLANG_WARN_ENUM_CONVERSION = YES;
				CLANG_WARN_INFINITE_RECURSION = YES;
				CLANG_WARN_INT_CONVERSION = YES;
				CLANG_WARN_NON_LITERAL_NULL_CONVERSION = YES;
				CLANG_WARN_OBJC_IMPLICIT_RETAIN_SELF = YES;
				CLANG_WARN_OBJC_LITERAL_CONVERSION = YES;
				CLANG_WARN_OBJC_ROOT_CLASS = YES_ERROR;
				CLANG_WARN_QUOTED_INCLUDE_IN_FRAMEWORK_HEADER = YES;
				CLANG_WARN_RANGE_LOOP_ANALYSIS = YES;
				CLANG_WARN_STRICT_PROTOTYPES = YES;
				CLANG_WARN_SUSPICIOUS_MOVE = YES;
				CLANG_WARN_UNGUARDED_AVAILABILITY = YES_AGGRESSIVE;
				CLANG_WARN_UNREACHABLE_CODE = YES;
				CLANG_WARN__DUPLICATE_METHOD_MATCH = YES;
				COPY_PHASE_STRIP = NO;
				DEBUG_INFORMATION_FORMAT = dwarf;
				ENABLE_STRICT_OBJC_MSGSEND = YES;
				ENABLE_TESTABILITY = YES;
				GCC_C_LANGUAGE_STANDARD = gnu11;
				GCC_DYNAMIC_NO_PIC = NO;
				GCC_NO_COMMON_BLOCKS = YES;
				GCC_OPTIMIZATION_LEVEL = 0;
				GCC_PREPROCESSOR_DEFINITIONS = (
					"$(inherited)",
					"DEBUG=1",
				);
				GCC_WARN_64_TO_32_BIT_CONVERSION = YES;
				GCC_WARN_ABOUT_RETURN_TYPE = YES_ERROR;
				GCC_WARN_UNDECLARED_SELECTOR = YES;
				GCC_WARN_UNINITIALIZED_AUTOS = YES_AGGRESSIVE;
				GCC_WARN_UNUSED_FUNCTION = YES;
				GCC_WARN_UNUSED_VARIABLE = YES;
				MTL_ENABLE_DEBUG_INFO = INCLUDE_SOURCE;
				MTL_FAST_MATH = YES;
				ONLY_ACTIVE_ARCH = YES;
				PRODUCT_NAME = "$(TARGET_NAME)";
				SDKROOT = iphoneos;
				SWIFT_ACTIVE_COMPILATION_CONDITIONS = DEBUG;
				SWIFT_OPTIMIZATION_LEVEL = "-Onone";
				SWIFT_VERSION = 5.0;
			};
			name = Debug;
		};
		6CE57090116C27AE10EF50A1 /* Debug */ = {
			isa = XCBuildConfiguration;
			buildSettings = {
				ASSETCATALOG_COMPILER_APPICON_NAME = AppIcon;
				CODE_SIGN_IDENTITY = "iPhone Developer";
				INFOPLIST_FILE = Info.plist;
				IPHONEOS_DEPLOYMENT_TARGET = 15.0;
				LD_RUNPATH_SEARCH_PATHS = (
					"$(inherited)",
					"@executable_path/Frameworks",
				);
				PRODUCT_BUNDLE_IDENTIFIER = com.example.Vibree;
				SDKROOT = iphoneos;
				TARGETED_DEVICE_FAMILY = "1,2";
			};
			name = Debug;
		};
		BFC5A66D33590311922F517D /* Release */ = {
			isa = XCBuildConfiguration;
			buildSettings = {
				ASSETCATALOG_COMPILER_APPICON_NAME = AppIcon;
				CODE_SIGN_IDENTITY = "iPhone Developer";
				INFOPLIST_FILE = Info.plist;
				IPHONEOS_DEPLOYMENT_TARGET = 15.0;
				LD_RUNPATH_SEARCH_PATHS = (
					"$(inherited)",
					"@executable_path/Frameworks",
				);
				PRODUCT_BUNDLE_IDENTIFIER = com.example.Vibree;
				SDKROOT = iphoneos;
				TARGETED_DEVICE_FAMILY = "1,2";
			};
			name = Release;
		};
		DB999CA6F64194CE59C54EF0 /* Release */ = {
			isa = XCBuildConfiguration;
			buildSettings = {
				ALWAYS_SEARCH_USER_PATHS = NO;
				CLANG_ANALYZER_NONNULL = YES;
				CLANG_ANALYZER_NUMBER_OBJECT_CONVERSION = YES_AGGRESSIVE;
				CLANG_CXX_LANGUAGE_STANDARD = "gnu++14";
				CLANG_CXX_LIBRARY = "libc++";
				CLANG_ENABLE_MODULES = YES;
				CLANG_ENABLE_OBJC_ARC = YES;
				CLANG_ENABLE_OBJC_WEAK = YES;
				CLANG_WARN_BLOCK_CAPTURE_AUTORELEASING = YES;
				CLANG_WARN_BOOL_CONVERSION = YES;
				CLANG_WARN_COMMA = YES;
				CLANG_WARN_CONSTANT_CONVERSION = YES;
				CLANG_WARN_DEPRECATED_OBJC_IMPLEMENTATIONS = YES;
				CLANG_WARN_DIRECT_OBJC_ISA_USAGE = YES_ERROR;
				CLANG_WARN_DOCUMENTATION_COMMENTS = YES;
				CLANG_WARN_EMPTY_BODY = YES;
				CLANG_WARN_ENUM_CONVERSION = YES;
				CLANG_WARN_INFINITE_RECURSION = YES;
				CLANG_WARN_INT_CONVERSION = YES;
				CLANG_WARN_NON_LITERAL_NULL_CONVERSION = YES;
				CLANG_WARN_OBJC_IMPLICIT_RETAIN_SELF = YES;
				CLANG_WARN_OBJC_LITERAL_CONVERSION = YES;
				CLANG_WARN_OBJC_ROOT_CLASS = YES_ERROR;
				CLANG_WARN_QUOTED_INCLUDE_IN_FRAMEWORK_HEADER = YES;
				CLANG_WARN_RANGE_LOOP_ANALYSIS = YES;
				CLANG_WARN_STRICT_PROTOTYPES = YES;
				CLANG_WARN_SUSPICIOUS_MOVE = YES;
				CLANG_WARN_UNGUARDED_AVAILABILITY = YES_AGGRESSIVE;
				CLANG_WARN_UNREACHABLE_CODE = YES;
				CLANG_WARN__DUPLICATE_METHOD_MATCH = YES;
				COPY_PHASE_STRIP = NO;
				DEBUG_INFORMATION_FORMAT = "dwarf-with-dsym";
				ENABLE_NS_ASSERTIONS = NO;
				ENABLE_STRICT_OBJC_MSGSEND = YES;
				GCC_C_LANGUAGE_STANDARD = gnu11;
				GCC_NO_COMMON_BLOCKS = YES;
				GCC_WARN_64_TO_32_BIT_CONVERSION = YES;
				GCC_WARN_ABOUT_RETURN_TYPE = YES_ERROR;
				GCC_WARN_UNDECLARED_SELECTOR = YES;
				GCC_WARN_UNINITIALIZED_AUTOS = YES_AGGRESSIVE;
				GCC_WARN_UNUSED_FUNCTION = YES;
				GCC_WARN_UNUSED_VARIABLE = YES;
				MTL_ENABLE_DEBUG_INFO = NO;
				MTL_FAST_MATH = YES;
				PRODUCT_NAME = "$(TARGET_NAME)";
				SDKROOT = iphoneos;
				SWIFT_COMPILATION_MODE = wholemodule;
				SWIFT_OPTIMIZATION_LEVEL = "-O";
				SWIFT_VERSION = 5.0;
			};
			name = Release;
		};
/* End XCBuildConfiguration section */

/* Begin XCConfigurationList section */
		2F5A26DE08D3305CC1FC5941 /* Build configuration list for PBXNativeTarget "Vibree" */ = {
			isa = XCConfigurationList;
			buildConfigurations = (
				6CE57090116C27AE10EF50A1 /* Debug */,
				BFC5A66D33590311922F517D /* Release */,
			);
			defaultConfigurationIsVisible = 0;
			defaultConfigurationName = Debug;
		};
		E313B0A5FF10D6FB21E7CD11 /* Build configuration list for PBXProject "Vibree" */ = {
			isa = XCConfigurationList;
			buildConfigurations = (
				3E31AE34563752ABC64B185D /* Debug */,
				DB999CA6F64194CE59C54EF0 /* Release */,
			);
			defaultConfigurationIsVisible = 0;
			defaultConfigurationName = Debug;
		};
/* End XCConfigurationList section */

/* Begin XCVersionGroup section */
		EF1486A5875A8627F02BA07E /* Vibree.xcdatamodeld */ = {
			isa = XCVersionGroup;
			children = (
				E422F3975862B838F7368965 /* Vibree.xcdatamodel */,
			);
			currentVersion = E422F3975862B838F7368965 /* Vibree.xcdatamodel */;
			path = Vibree.xcdatamodeld;
			sourceTree = "<group>";
			versionGroupType = wrapper.xcdatamodel;
		};
/* End XCVersionGroup section */
	};
	rootObject = D596C265FB5744496A1A0C82 /* Project object */;
}
